
Microsoft Visual Studio Solution File, Format Version 12.00
# Visual Studio Version 17
VisualStudioVersion = 17.9.34728.123
MinimumVisualStudioVersion = 10.0.40219.1
Project("{FAE04EC0-301F-11D3-BF4B-00C04F79EFBC}") = "ChallengeAPI", "ChallengeAPI\ChallengeAPI.csproj", "{273DF009-FD35-4D73-B104-B0B4B0B75AED}"
EndProject
Global
	GlobalSection(SolutionConfigurationPlatforms) = preSolution
		Debug|Any CPU = Debug|Any CPU
		Release|Any CPU = Release|Any CPU
	EndGlobalSection
	GlobalSection(ProjectConfigurationPlatforms) = postSolution
		{273DF009-FD35-4D73-B104-B0B4B0B75AED}.Debug|Any CPU.ActiveCfg = Debug|Any CPU
		{273DF009-FD35-4D73-B104-B0B4B0B75AED}.Debug|Any CPU.Build.0 = Debug|Any CPU
		{273DF009-FD35-4D73-B104-B0B4B0B75AED}.Release|Any CPU.ActiveCfg = Release|Any CPU
		{273DF009-FD35-4D73-B104-B0B4B0B75AED}.Release|Any CPU.Build.0 = Release|Any CPU
	EndGlobalSection
	GlobalSection(SolutionProperties) = preSolution
		HideSolutionNode = FALSE
	EndGlobalSection
	GlobalSection(ExtensibilityGlobals) = postSolution
		SolutionGuid = {56B2B92B-E71E-49D3-B8DD-146F13765684}
	EndGlobalSection
EndGlobal
